
Microsoft Visual Studio Solution File, Format Version 12.00
# Visual Studio Version 16
VisualStudioVersion = 16.0.31410.357
MinimumVisualStudioVersion = 10.0.40219.1
Project("{FAE04EC0-301F-11D3-BF4B-00C04F79EFBC}") = "BasicPrograms1", "BasicPrograms1\BasicPrograms1.csproj", "{D6E5D417-4096-4B6F-8D6B-4E8DD339ECE2}"
EndProject
Global
	GlobalSection(SolutionConfigurationPlatforms) = preSolution
		Debug|Any CPU = Debug|Any CPU
		Release|Any CPU = Release|Any CPU
	EndGlobalSection
	GlobalSection(ProjectConfigurationPlatforms) = postSolution
		{D6E5D417-4096-4B6F-8D6B-4E8DD339ECE2}.Debug|Any CPU.ActiveCfg = Debug|Any CPU
		{D6E5D417-4096-4B6F-8D6B-4E8DD339ECE2}.Debug|Any CPU.Build.0 = Debug|Any CPU
		{D6E5D417-4096-4B6F-8D6B-4E8DD339ECE2}.Release|Any CPU.ActiveCfg = Release|Any CPU
		{D6E5D417-4096-4B6F-8D6B-4E8DD339ECE2}.Release|Any CPU.Build.0 = Release|Any CPU
	EndGlobalSection
	GlobalSection(SolutionProperties) = preSolution
		HideSolutionNode = FALSE
	EndGlobalSection
	GlobalSection(ExtensibilityGlobals) = postSolution
		SolutionGuid = {0F4353BE-05D4-47ED-9A15-0E52A80CE9CA}
	EndGlobalSection
EndGlobal
